
Microsoft Visual Studio Solution File, Format Version 12.00
# Visual Studio Version 17
VisualStudioVersion = 17.7.34031.279
MinimumVisualStudioVersion = 10.0.40219.1
Project("{FAE04EC0-301F-11D3-BF4B-00C04F79EFBC}") = "hicaphe2", "hicaphe2\hicaphe2.csproj", "{CE15BAA2-328B-49AD-8F33-A136F1B626B0}"
EndProject
Global
	GlobalSection(SolutionConfigurationPlatforms) = preSolution
		Debug|Any CPU = Debug|Any CPU
		Release|Any CPU = Release|Any CPU
	EndGlobalSection
	GlobalSection(ProjectConfigurationPlatforms) = postSolution
		{CE15BAA2-328B-49AD-8F33-A136F1B626B0}.Debug|Any CPU.ActiveCfg = Debug|Any CPU
		{CE15BAA2-328B-49AD-8F33-A136F1B626B0}.Debug|Any CPU.Build.0 = Debug|Any CPU
		{CE15BAA2-328B-49AD-8F33-A136F1B626B0}.Release|Any CPU.ActiveCfg = Release|Any CPU
		{CE15BAA2-328B-49AD-8F33-A136F1B626B0}.Release|Any CPU.Build.0 = Release|Any CPU
	EndGlobalSection
	GlobalSection(SolutionProperties) = preSolution
		HideSolutionNode = FALSE
	EndGlobalSection
	GlobalSection(ExtensibilityGlobals) = postSolution
		SolutionGuid = {6A3BBB6B-11A9-4DFB-8D1D-4168E5BFD0E9}
	EndGlobalSection
EndGlobal
